
Microsoft Visual Studio Solution File, Format Version 12.00
# Visual Studio 15
Project("{FAE04EC0-301F-11D3-BF4B-00C04F79EFBC}") = "SandboxApp.Android", "SandboxApp.Android\SandboxApp.Android.csproj", "{248AD6B2-37BB-40B1-BA79-0A13E805819E}"
EndProject
Project("{FAE04EC0-301F-11D3-BF4B-00C04F79EFBC}") = "SandboxApp.iOS", "SandboxApp.iOS\SandboxApp.iOS.csproj", "{A10B5F07-DE95-4F96-9E60-400B804A93AD}"
EndProject
Project("{FAE04EC0-301F-11D3-BF4B-00C04F79EFBC}") = "SandboxApp.UITests", "SandboxApp.UITests\SandboxApp.UITests.csproj", "{2D484CD1-1563-43C5-985A-4D593DD9C908}"
EndProject
Project("{FAE04EC0-301F-11D3-BF4B-00C04F79EFBC}") = "SandboxApp", "SandboxApp\SandboxApp.csproj", "{CCDB388A-90CE-4DAB-90B6-5FC1F22D296C}"
EndProject
Global
	GlobalSection(SolutionConfigurationPlatforms) = preSolution
		Debug|Any CPU = Debug|Any CPU
		Release|Any CPU = Release|Any CPU
		Debug|iPhoneSimulator = Debug|iPhoneSimulator
		Release|iPhoneSimulator = Release|iPhoneSimulator
		Debug|iPhone = Debug|iPhone
		Release|iPhone = Release|iPhone
	EndGlobalSection
	GlobalSection(ProjectConfigurationPlatforms) = postSolution
		{248AD6B2-37BB-40B1-BA79-0A13E805819E}.Debug|Any CPU.ActiveCfg = Debug|Any CPU
		{248AD6B2-37BB-40B1-BA79-0A13E805819E}.Debug|Any CPU.Build.0 = Debug|Any CPU
		{248AD6B2-37BB-40B1-BA79-0A13E805819E}.Release|Any CPU.ActiveCfg = Release|Any CPU
		{248AD6B2-37BB-40B1-BA79-0A13E805819E}.Release|Any CPU.Build.0 = Release|Any CPU
		{248AD6B2-37BB-40B1-BA79-0A13E805819E}.Debug|iPhoneSimulator.ActiveCfg = Debug|Any CPU
		{248AD6B2-37BB-40B1-BA79-0A13E805819E}.Debug|iPhoneSimulator.Build.0 = Debug|Any CPU
		{248AD6B2-37BB-40B1-BA79-0A13E805819E}.Release|iPhoneSimulator.ActiveCfg = Release|Any CPU
		{248AD6B2-37BB-40B1-BA79-0A13E805819E}.Release|iPhoneSimulator.Build.0 = Release|Any CPU
		{248AD6B2-37BB-40B1-BA79-0A13E805819E}.Debug|iPhone.ActiveCfg = Debug|Any CPU
		{248AD6B2-37BB-40B1-BA79-0A13E805819E}.Debug|iPhone.Build.0 = Debug|Any CPU
		{248AD6B2-37BB-40B1-BA79-0A13E805819E}.Release|iPhone.ActiveCfg = Release|Any CPU
		{248AD6B2-37BB-40B1-BA79-0A13E805819E}.Release|iPhone.Build.0 = Release|Any CPU
		{A10B5F07-DE95-4F96-9E60-400B804A93AD}.Debug|Any CPU.ActiveCfg = Debug|iPhoneSimulator
		{A10B5F07-DE95-4F96-9E60-400B804A93AD}.Debug|Any CPU.Build.0 = Debug|iPhoneSimulator
		{A10B5F07-DE95-4F96-9E60-400B804A93AD}.Release|Any CPU.ActiveCfg = Release|iPhoneSimulator
		{A10B5F07-DE95-4F96-9E60-400B804A93AD}.Release|Any CPU.Build.0 = Release|iPhoneSimulator
		{A10B5F07-DE95-4F96-9E60-400B804A93AD}.Debug|iPhoneSimulator.ActiveCfg = Debug|iPhoneSimulator
		{A10B5F07-DE95-4F96-9E60-400B804A93AD}.Debug|iPhoneSimulator.Build.0 = Debug|iPhoneSimulator
		{A10B5F07-DE95-4F96-9E60-400B804A93AD}.Release|iPhoneSimulator.ActiveCfg = Release|iPhoneSimulator
		{A10B5F07-DE95-4F96-9E60-400B804A93AD}.Release|iPhoneSimulator.Build.0 = Release|iPhoneSimulator
		{A10B5F07-DE95-4F96-9E60-400B804A93AD}.Debug|iPhone.ActiveCfg = Debug|iPhone
		{A10B5F07-DE95-4F96-9E60-400B804A93AD}.Debug|iPhone.Build.0 = Debug|iPhone
		{A10B5F07-DE95-4F96-9E60-400B804A93AD}.Release|iPhone.ActiveCfg = Release|iPhone
		{A10B5F07-DE95-4F96-9E60-400B804A93AD}.Release|iPhone.Build.0 = Release|iPhone
		{2D484CD1-1563-43C5-985A-4D593DD9C908}.Debug|Any CPU.ActiveCfg = Debug|Any CPU
		{2D484CD1-1563-43C5-985A-4D593DD9C908}.Debug|Any CPU.Build.0 = Debug|Any CPU
		{2D484CD1-1563-43C5-985A-4D593DD9C908}.Release|Any CPU.ActiveCfg = Release|Any CPU
		{2D484CD1-1563-43C5-985A-4D593DD9C908}.Release|Any CPU.Build.0 = Release|Any CPU
		{2D484CD1-1563-43C5-985A-4D593DD9C908}.Debug|iPhoneSimulator.ActiveCfg = Debug|Any CPU
		{2D484CD1-1563-43C5-985A-4D593DD9C908}.Debug|iPhoneSimulator.Build.0 = Debug|Any CPU
		{2D484CD1-1563-43C5-985A-4D593DD9C908}.Release|iPhoneSimulator.ActiveCfg = Release|Any CPU
		{2D484CD1-1563-43C5-985A-4D593DD9C908}.Release|iPhoneSimulator.Build.0 = Release|Any CPU
		{2D484CD1-1563-43C5-985A-4D593DD9C908}.Debug|iPhone.ActiveCfg = Debug|Any CPU
		{2D484CD1-1563-43C5-985A-4D593DD9C908}.Debug|iPhone.Build.0 = Debug|Any CPU
		{2D484CD1-1563-43C5-985A-4D593DD9C908}.Release|iPhone.ActiveCfg = Release|Any CPU
		{2D484CD1-1563-43C5-985A-4D593DD9C908}.Release|iPhone.Build.0 = Release|Any CPU
		{CCDB388A-90CE-4DAB-90B6-5FC1F22D296C}.Debug|Any CPU.ActiveCfg = Debug|Any CPU
		{CCDB388A-90CE-4DAB-90B6-5FC1F22D296C}.Debug|Any CPU.Build.0 = Debug|Any CPU
		{CCDB388A-90CE-4DAB-90B6-5FC1F22D296C}.Release|Any CPU.ActiveCfg = Release|Any CPU
		{CCDB388A-90CE-4DAB-90B6-5FC1F22D296C}.Release|Any CPU.Build.0 = Release|Any CPU
		{CCDB388A-90CE-4DAB-90B6-5FC1F22D296C}.Debug|iPhoneSimulator.ActiveCfg = Debug|Any CPU
		{CCDB388A-90CE-4DAB-90B6-5FC1F22D296C}.Debug|iPhoneSimulator.Build.0 = Debug|Any CPU
		{CCDB388A-90CE-4DAB-90B6-5FC1F22D296C}.Release|iPhoneSimulator.ActiveCfg = Release|Any CPU
		{CCDB388A-90CE-4DAB-90B6-5FC1F22D296C}.Release|iPhoneSimulator.Build.0 = Release|Any CPU
		{CCDB388A-90CE-4DAB-90B6-5FC1F22D296C}.Debug|iPhone.ActiveCfg = Debug|Any CPU
		{CCDB388A-90CE-4DAB-90B6-5FC1F22D296C}.Debug|iPhone.Build.0 = Debug|Any CPU
		{CCDB388A-90CE-4DAB-90B6-5FC1F22D296C}.Release|iPhone.ActiveCfg = Release|Any CPU
		{CCDB388A-90CE-4DAB-90B6-5FC1F22D296C}.Release|iPhone.Build.0 = Release|Any CPU
	EndGlobalSection
EndGlobal
